
Microsoft Visual Studio Solution File, Format Version 12.00
# Visual Studio Version 17
VisualStudioVersion = 17.14.36109.1
MinimumVisualStudioVersion = 10.0.40219.1
Project("{FAE04EC0-301F-11D3-BF4B-00C04F79EFBC}") = "TourMate.BillingService.Api", "TourMate.BillingService.Api\TourMate.BillingService.Api.csproj", "{33D210C4-E3E1-4E08-89D3-4E136B5E9DE8}"
EndProject
Project("{FAE04EC0-301F-11D3-BF4B-00C04F79EFBC}") = "TourMate.BillingService.Repositories", "TourMate.BillingService.Repositories\TourMate.BillingService.Repositories.csproj", "{AD421700-9F52-4625-ACC4-AEBF930499B2}"
EndProject
Project("{FAE04EC0-301F-11D3-BF4B-00C04F79EFBC}") = "TourMate.BillingService.Services", "TourMate.BillingService.Services\TourMate.BillingService.Services.csproj", "{7C7C1EE2-41B5-47FB-90AF-A1B0FA1D8C9B}"
EndProject
Global
	GlobalSection(SolutionConfigurationPlatforms) = preSolution
		Debug|Any CPU = Debug|Any CPU
		Release|Any CPU = Release|Any CPU
	EndGlobalSection
	GlobalSection(ProjectConfigurationPlatforms) = postSolution
		{33D210C4-E3E1-4E08-89D3-4E136B5E9DE8}.Debug|Any CPU.ActiveCfg = Debug|Any CPU
		{33D210C4-E3E1-4E08-89D3-4E136B5E9DE8}.Debug|Any CPU.Build.0 = Debug|Any CPU
		{33D210C4-E3E1-4E08-89D3-4E136B5E9DE8}.Release|Any CPU.ActiveCfg = Release|Any CPU
		{33D210C4-E3E1-4E08-89D3-4E136B5E9DE8}.Release|Any CPU.Build.0 = Release|Any CPU
		{AD421700-9F52-4625-ACC4-AEBF930499B2}.Debug|Any CPU.ActiveCfg = Debug|Any CPU
		{AD421700-9F52-4625-ACC4-AEBF930499B2}.Debug|Any CPU.Build.0 = Debug|Any CPU
		{AD421700-9F52-4625-ACC4-AEBF930499B2}.Release|Any CPU.ActiveCfg = Release|Any CPU
		{AD421700-9F52-4625-ACC4-AEBF930499B2}.Release|Any CPU.Build.0 = Release|Any CPU
		{7C7C1EE2-41B5-47FB-90AF-A1B0FA1D8C9B}.Debug|Any CPU.ActiveCfg = Debug|Any CPU
		{7C7C1EE2-41B5-47FB-90AF-A1B0FA1D8C9B}.Debug|Any CPU.Build.0 = Debug|Any CPU
		{7C7C1EE2-41B5-47FB-90AF-A1B0FA1D8C9B}.Release|Any CPU.ActiveCfg = Release|Any CPU
		{7C7C1EE2-41B5-47FB-90AF-A1B0FA1D8C9B}.Release|Any CPU.Build.0 = Release|Any CPU
	EndGlobalSection
	GlobalSection(SolutionProperties) = preSolution
		HideSolutionNode = FALSE
	EndGlobalSection
	GlobalSection(ExtensibilityGlobals) = postSolution
		SolutionGuid = {E117B83C-6CA8-44EA-AB74-3C472088F602}
	EndGlobalSection
EndGlobal
